
Microsoft Visual Studio Solution File, Format Version 12.00
# Visual Studio 15
VisualStudioVersion = 15.0.27703.2026
MinimumVisualStudioVersion = 10.0.40219.1
Project("{9A19103F-16F7-4668-BE54-9A1E7A4F7556}") = "DocProcessing.AzureFunction", "DocProcessing.AzureFunction.csproj", "{5F649ACC-C6F6-4C1F-A577-F433C277D7A8}"
EndProject
Global
	GlobalSection(SolutionConfigurationPlatforms) = preSolution
		Debug|Any CPU = Debug|Any CPU
		Release|Any CPU = Release|Any CPU
	EndGlobalSection
	GlobalSection(ProjectConfigurationPlatforms) = postSolution
		{5F649ACC-C6F6-4C1F-A577-F433C277D7A8}.Debug|Any CPU.ActiveCfg = Debug|Any CPU
		{5F649ACC-C6F6-4C1F-A577-F433C277D7A8}.Debug|Any CPU.Build.0 = Debug|Any CPU
		{5F649ACC-C6F6-4C1F-A577-F433C277D7A8}.Release|Any CPU.ActiveCfg = Release|Any CPU
		{5F649ACC-C6F6-4C1F-A577-F433C277D7A8}.Release|Any CPU.Build.0 = Release|Any CPU
	EndGlobalSection
	GlobalSection(SolutionProperties) = preSolution
		HideSolutionNode = FALSE
	EndGlobalSection
	GlobalSection(ExtensibilityGlobals) = postSolution
		SolutionGuid = {0A02AE97-5BAA-4C32-A611-C57D54C9D9E3}
	EndGlobalSection
EndGlobal
